
Microsoft Visual Studio Solution File, Format Version 12.00
# Visual Studio Version 17
VisualStudioVersion = 17.13.36105.23 d17.13
MinimumVisualStudioVersion = 10.0.40219.1
Project("{FAE04EC0-301F-11D3-BF4B-00C04F79EFBC}") = "Sakan", "Sakan\Sakan.csproj", "{49FE978E-4D9F-40EF-8E1F-D5A77E8521EA}"
EndProject
Project("{FAE04EC0-301F-11D3-BF4B-00C04F79EFBC}") = "Sakan.Domain", "Sakan.Domain\Sakan.Domain.csproj", "{B187A344-3FF5-4857-9FFC-010E6DE9B548}"
EndProject
Project("{FAE04EC0-301F-11D3-BF4B-00C04F79EFBC}") = "Sakan.Infrastructure", "Sakan.Infrastructure\Sakan.Infrastructure.csproj", "{881FC613-3ABC-4A8A-8248-2C56D697B8B8}"
EndProject
Project("{FAE04EC0-301F-11D3-BF4B-00C04F79EFBC}") = "Sakan.Application", "Sakan.Application\Sakan.Application.csproj", "{EDA6254E-4234-4B9F-820F-D97054FDC9B2}"
EndProject
Global
	GlobalSection(SolutionConfigurationPlatforms) = preSolution
		Debug|Any CPU = Debug|Any CPU
		Release|Any CPU = Release|Any CPU
	EndGlobalSection
	GlobalSection(ProjectConfigurationPlatforms) = postSolution
		{49FE978E-4D9F-40EF-8E1F-D5A77E8521EA}.Debug|Any CPU.ActiveCfg = Debug|Any CPU
		{49FE978E-4D9F-40EF-8E1F-D5A77E8521EA}.Debug|Any CPU.Build.0 = Debug|Any CPU
		{49FE978E-4D9F-40EF-8E1F-D5A77E8521EA}.Release|Any CPU.ActiveCfg = Release|Any CPU
		{49FE978E-4D9F-40EF-8E1F-D5A77E8521EA}.Release|Any CPU.Build.0 = Release|Any CPU
		{B187A344-3FF5-4857-9FFC-010E6DE9B548}.Debug|Any CPU.ActiveCfg = Debug|Any CPU
		{B187A344-3FF5-4857-9FFC-010E6DE9B548}.Debug|Any CPU.Build.0 = Debug|Any CPU
		{B187A344-3FF5-4857-9FFC-010E6DE9B548}.Release|Any CPU.ActiveCfg = Release|Any CPU
		{B187A344-3FF5-4857-9FFC-010E6DE9B548}.Release|Any CPU.Build.0 = Release|Any CPU
		{881FC613-3ABC-4A8A-8248-2C56D697B8B8}.Debug|Any CPU.ActiveCfg = Debug|Any CPU
		{881FC613-3ABC-4A8A-8248-2C56D697B8B8}.Debug|Any CPU.Build.0 = Debug|Any CPU
		{881FC613-3ABC-4A8A-8248-2C56D697B8B8}.Release|Any CPU.ActiveCfg = Release|Any CPU
		{881FC613-3ABC-4A8A-8248-2C56D697B8B8}.Release|Any CPU.Build.0 = Release|Any CPU
		{EDA6254E-4234-4B9F-820F-D97054FDC9B2}.Debug|Any CPU.ActiveCfg = Debug|Any CPU
		{EDA6254E-4234-4B9F-820F-D97054FDC9B2}.Debug|Any CPU.Build.0 = Debug|Any CPU
		{EDA6254E-4234-4B9F-820F-D97054FDC9B2}.Release|Any CPU.ActiveCfg = Release|Any CPU
		{EDA6254E-4234-4B9F-820F-D97054FDC9B2}.Release|Any CPU.Build.0 = Release|Any CPU
	EndGlobalSection
	GlobalSection(SolutionProperties) = preSolution
		HideSolutionNode = FALSE
	EndGlobalSection
	GlobalSection(ExtensibilityGlobals) = postSolution
		SolutionGuid = {07829126-3A02-4FD7-91BC-38612DFE3D4F}
	EndGlobalSection
EndGlobal
